
Microsoft Visual Studio Solution File, Format Version 12.00
# Visual Studio Version 16
VisualStudioVersion = 16.0.31129.286
MinimumVisualStudioVersion = 10.0.40219.1
Project("{FAE04EC0-301F-11D3-BF4B-00C04F79EFBC}") = "GolfGame", "GolfGame\GolfGame.csproj", "{4862D223-7798-41F6-B4BF-48A7E3632105}"
EndProject
Global
	GlobalSection(SolutionConfigurationPlatforms) = preSolution
		Debug|Any CPU = Debug|Any CPU
		Release|Any CPU = Release|Any CPU
	EndGlobalSection
	GlobalSection(ProjectConfigurationPlatforms) = postSolution
		{4862D223-7798-41F6-B4BF-48A7E3632105}.Debug|Any CPU.ActiveCfg = Debug|Any CPU
		{4862D223-7798-41F6-B4BF-48A7E3632105}.Debug|Any CPU.Build.0 = Debug|Any CPU
		{4862D223-7798-41F6-B4BF-48A7E3632105}.Release|Any CPU.ActiveCfg = Release|Any CPU
		{4862D223-7798-41F6-B4BF-48A7E3632105}.Release|Any CPU.Build.0 = Release|Any CPU
	EndGlobalSection
	GlobalSection(SolutionProperties) = preSolution
		HideSolutionNode = FALSE
	EndGlobalSection
	GlobalSection(ExtensibilityGlobals) = postSolution
		SolutionGuid = {AAF1A2EF-7F8C-42C5-8995-665A00E20A7B}
	EndGlobalSection
EndGlobal
